lockfileVersion: 5.6
importers:
  '.':
    dependencies:
      '@supabase/supabase-js': '2.45.4'
      clsx: '2.1.1'
      framer-motion: '11.5.4'
      next: '14.2.11'
      react: '18.3.1'
      react-dom: '18.3.1'
      react-infinite-scroll-component: '6.1.0'
      react-markdown: '9.0.1'
      recharts: '2.12.7'
      remark-gfm: '4.0.0'
      tailwind-merge: '2.5.2'
    devDependencies:
      '@types/node': '22.5.5'
      '@types/react': '18.3.5'
      '@types/react-dom': '18.3.0'
      postcss: '8.4.45'
      tailwindcss: '3.4.11'
      typescript: '5.6.2'
packages:
  /@supabase/supabase-js/2.45.4:
    resolution:
      integrity: sha512-somehash
    dependencies: {}
    devDependencies: {}
  /clsx/2.1.1:
    resolution:
      integrity: sha512-anotherhash
    dependencies: {}
    devDependencies: {}
  /framer-motion/11.5.4:
    resolution:
      integrity: sha512-yetanotherhash
    dependencies: {}
    devDependencies: {}
  /next/14.2.11:
    resolution:
      integrity: sha512-differenthash
    dependencies: {}
    devDependencies: {}
  /react/18.3.1:
    resolution:
      integrity: sha512-differenthash2
    dependencies: {}
    devDependencies: {}
  /react-dom/18.3.1:
    resolution:
      integrity: sha512-differenthash3
    dependencies: {}
    devDependencies: {}
  /react-infinite-scroll-component/6.1.0:
    resolution:
      integrity: sha512-somehash2
    dependencies: {}
    devDependencies: {}
  /react-markdown/9.0.1:
    resolution:
      integrity: sha512-somehash3
    dependencies: {}
    devDependencies: {}
  /recharts/2.12.7:
    resolution:
      integrity: sha512-somehash4
    dependencies: {}
    devDependencies: {}
  /remark-gfm/4.0.0:
    resolution:
      integrity: sha512-somehash5
    dependencies: {}
    devDependencies: {}
  /tailwind-merge/2.5.2:
    resolution:
      integrity: sha512-somehash6
    dependencies: {}
    devDependencies: {}
  /@types/node/22.5.5:
    resolution:
      integrity: sha512-somehash7
    dependencies: {}
    devDependencies: {}
  /@types/react/18.3.5:
    resolution:
      integrity: sha512-somehash8
    dependencies: {}
    devDependencies: {}
  /@types/react-dom/18.3.0:
    resolution:
      integrity: sha512-somehash9
    dependencies: {}
    devDependencies: {}
  /postcss/8.4.45:
    resolution:
      integrity: sha512-somehash10
    dependencies: {}
    devDependencies: {}
  /tailwindcss/3.4.11:
    resolution:
      integrity: sha512-somehash11
    dependencies: {}
    devDependencies: {}
  /typescript/5.6.2:
    resolution:
      integrity: sha512-somehash12
    dependencies: {}
    devDependencies: {}
